PODS:
  - Action (3.2.0):
    - RxCocoa (~> 3.4)
    - RxSwift (~> 3.4)
  - MockUIAlertController (2.0.1)
  - NSObject+Rx (3.0.0):
    - RxSwift (~> 3.0)
  - RxBlocking (3.6.1):
    - RxSwift (~> 3.6)
  - RxCocoa (3.6.1):
    - RxSwift (~> 3.6)
  - RxSwift (3.6.1)
  - RxSwiftExt (2.5.1):
    - RxSwiftExt/Core (= 2.5.1)
  - RxSwiftExt/Core (2.5.1):
    - RxSwift (~> 3.4)
  - RxTest (3.6.1):
    - RxSwift (~> 3.6)

DEPENDENCIES:
  - Action
  - MockUIAlertController
  - NSObject+Rx
  - RxBlocking
  - RxCocoa
  - RxSwift
  - RxSwiftExt
  - RxTest

SPEC CHECKSUMS:
  Action: 991c9e175e04675028724868768aa08f22c85476
  MockUIAlertController: 0221fb64142c95be6e2f485d0e220d226b99433c
  NSObject+Rx: 9c60a6e602ca647c0b2b34403383c305b1c6edc5
  RxBlocking: 4f4bd5732e8b952e54ae8a57739bcfb645de12bc
  RxCocoa: 84a08739ab186248c7f31ce4ee92d6f8a947d690
  RxSwift: f9de85ea20cd2f7716ee5409fc13523dc638e4e4
  RxSwiftExt: ec25c6df68d15ad6fe326792d60452b52e83d606
  RxTest: 1d00348a7848c91ab5bf5d197d2378aa6b2bb356

PODFILE CHECKSUM: 8c175e3fd784f3161be14defd07d30d765744808

COCOAPODS: 1.2.1.beta.1
